// !$*UTF8*$!
{
	archiveVersion = 1;
	classes = {
	};
	objectVersion = 46;
	objects = {

/* Begin PBXBuildFile section */
		3AF47E041CAA705300C389BF /* libRedbird.dylib in Frameworks */ = {isa = PBXBuildFile; fileRef = "_____Product_Redbird" /* libRedbird.dylib */; };
		3AF47E071CAA717100C389BF /* XCTestManifests.swift in Sources */ = {isa = PBXBuildFile; fileRef = 3AF47E061CAA717100C389BF /* XCTestManifests.swift */; };
		_LinkFileRef_Redbird /* libRedbird.dylib in Frameworks */ = {isa = PBXBuildFile; fileRef = "_____Product_Redbird" /* libRedbird.dylib */; };
		__src_cc_ref_Sources/Redbird/Array.swift /* Array.swift in Sources */ = {isa = PBXBuildFile; fileRef = __PBXFileRef_Sources/Redbird/Array.swift /* Array.swift */; };
		__src_cc_ref_Sources/Redbird/BulkString.swift /* BulkString.swift in Sources */ = {isa = PBXBuildFile; fileRef = __PBXFileRef_Sources/Redbird/BulkString.swift /* BulkString.swift */; };
		__src_cc_ref_Sources/Redbird/ClientSocket.swift /* ClientSocket.swift in Sources */ = {isa = PBXBuildFile; fileRef = __PBXFileRef_Sources/Redbird/ClientSocket.swift /* ClientSocket.swift */; };
		__src_cc_ref_Sources/Redbird/Error.swift /* Error.swift in Sources */ = {isa = PBXBuildFile; fileRef = __PBXFileRef_Sources/Redbird/Error.swift /* Error.swift */; };
		__src_cc_ref_Sources/Redbird/Errors.swift /* Errors.swift in Sources */ = {isa = PBXBuildFile; fileRef = __PBXFileRef_Sources/Redbird/Errors.swift /* Errors.swift */; };
		__src_cc_ref_Sources/Redbird/Extensions.swift /* Extensions.swift in Sources */ = {isa = PBXBuildFile; fileRef = __PBXFileRef_Sources/Redbird/Extensions.swift /* Extensions.swift */; };
		__src_cc_ref_Sources/Redbird/ExternalTypeConversions.swift /* ExternalTypeConversions.swift in Sources */ = {isa = PBXBuildFile; fileRef = __PBXFileRef_Sources/Redbird/ExternalTypeConversions.swift /* ExternalTypeConversions.swift */; };
		__src_cc_ref_Sources/Redbird/Formatters.swift /* Formatters.swift in Sources */ = {isa = PBXBuildFile; fileRef = __PBXFileRef_Sources/Redbird/Formatters.swift /* Formatters.swift */; };
		__src_cc_ref_Sources/Redbird/Integer.swift /* Integer.swift in Sources */ = {isa = PBXBuildFile; fileRef = __PBXFileRef_Sources/Redbird/Integer.swift /* Integer.swift */; };
		__src_cc_ref_Sources/Redbird/Null.swift /* Null.swift in Sources */ = {isa = PBXBuildFile; fileRef = __PBXFileRef_Sources/Redbird/Null.swift /* Null.swift */; };
		__src_cc_ref_Sources/Redbird/Parsers.swift /* Parsers.swift in Sources */ = {isa = PBXBuildFile; fileRef = __PBXFileRef_Sources/Redbird/Parsers.swift /* Parsers.swift */; };
		__src_cc_ref_Sources/Redbird/Redbird.swift /* Redbird.swift in Sources */ = {isa = PBXBuildFile; fileRef = __PBXFileRef_Sources/Redbird/Redbird.swift /* Redbird.swift */; };
		__src_cc_ref_Sources/Redbird/RedbirdExtensions.swift /* RedbirdExtensions.swift in Sources */ = {isa = PBXBuildFile; fileRef = __PBXFileRef_Sources/Redbird/RedbirdExtensions.swift /* RedbirdExtensions.swift */; };
		__src_cc_ref_Sources/Redbird/SimpleString.swift /* SimpleString.swift in Sources */ = {isa = PBXBuildFile; fileRef = __PBXFileRef_Sources/Redbird/SimpleString.swift /* SimpleString.swift */; };
		__src_cc_ref_Sources/Redbird/Types.swift /* Types.swift in Sources */ = {isa = PBXBuildFile; fileRef = __PBXFileRef_Sources/Redbird/Types.swift /* Types.swift */; };
		__src_cc_ref_Sources/RedbirdExample/main.swift /* main.swift in Sources */ = {isa = PBXBuildFile; fileRef = __PBXFileRef_Sources/RedbirdExample/main.swift /* main.swift */; };
		__src_cc_ref_Tests/Redbird/ConversionTests.swift /* ConversionTests.swift in Sources */ = {isa = PBXBuildFile; fileRef = __PBXFileRef_Tests/Redbird/ConversionTests.swift /* ConversionTests.swift */; };
		__src_cc_ref_Tests/Redbird/FormattingTests.swift /* FormattingTests.swift in Sources */ = {isa = PBXBuildFile; fileRef = __PBXFileRef_Tests/Redbird/FormattingTests.swift /* FormattingTests.swift */; };
		__src_cc_ref_Tests/Redbird/ParsingTests.swift /* ParsingTests.swift in Sources */ = {isa = PBXBuildFile; fileRef = __PBXFileRef_Tests/Redbird/ParsingTests.swift /* ParsingTests.swift */; };
		__src_cc_ref_Tests/Redbird/PerformanceTests.swift /* PerformanceTests.swift in Sources */ = {isa = PBXBuildFile; fileRef = __PBXFileRef_Tests/Redbird/PerformanceTests.swift /* PerformanceTests.swift */; };
		__src_cc_ref_Tests/Redbird/RedbirdTests.swift /* RedbirdTests.swift in Sources */ = {isa = PBXBuildFile; fileRef = __PBXFileRef_Tests/Redbird/RedbirdTests.swift /* RedbirdTests.swift */; };
		__src_cc_ref_Tests/Redbird/StringTests.swift /* StringTests.swift in Sources */ = {isa = PBXBuildFile; fileRef = __PBXFileRef_Tests/Redbird/StringTests.swift /* StringTests.swift */; };
/* End PBXBuildFile section */

/* Begin PBXContainerItemProxy section */
		3AF47E051CAA705500C389BF /* PBXContainerItemProxy */ = {
			isa = PBXContainerItemProxy;
			containerPortal = __RootObject_ /* Project object */;
			proxyType = 1;
			remoteGlobalIDString = "______Target_Redbird";
			remoteInfo = Redbird;
		};
/* End PBXContainerItemProxy section */

/* Begin PBXFileReference section */
		3AF47E061CAA717100C389BF /* XCTestManifests.swift */ = {isa = PBXFileReference; fileEncoding = 4; lastKnownFileType = sourcecode.swift; path = XCTestManifests.swift; sourceTree = "<group>"; };
		__PBXFileRef_Package.swift /* Package.swift */ = {isa = PBXFileReference; lastKnownFileType = sourcecode.swift; name = Package.swift; path = /Users/honzadvorsky/Documents/Redbird/Package.swift; sourceTree = "<group>"; };
		__PBXFileRef_Sources/Redbird/Array.swift /* Array.swift */ = {isa = PBXFileReference; lastKnownFileType = sourcecode.swift; path = Array.swift; sourceTree = "<group>"; };
		__PBXFileRef_Sources/Redbird/BulkString.swift /* BulkString.swift */ = {isa = PBXFileReference; lastKnownFileType = sourcecode.swift; path = BulkString.swift; sourceTree = "<group>"; };
		__PBXFileRef_Sources/Redbird/ClientSocket.swift /* ClientSocket.swift */ = {isa = PBXFileReference; lastKnownFileType = sourcecode.swift; path = ClientSocket.swift; sourceTree = "<group>"; };
		__PBXFileRef_Sources/Redbird/Error.swift /* Error.swift */ = {isa = PBXFileReference; lastKnownFileType = sourcecode.swift; path = Error.swift; sourceTree = "<group>"; };
		__PBXFileRef_Sources/Redbird/Errors.swift /* Errors.swift */ = {isa = PBXFileReference; lastKnownFileType = sourcecode.swift; path = Errors.swift; sourceTree = "<group>"; };
		__PBXFileRef_Sources/Redbird/Extensions.swift /* Extensions.swift */ = {isa = PBXFileReference; lastKnownFileType = sourcecode.swift; path = Extensions.swift; sourceTree = "<group>"; };
		__PBXFileRef_Sources/Redbird/ExternalTypeConversions.swift /* ExternalTypeConversions.swift */ = {isa = PBXFileReference; lastKnownFileType = sourcecode.swift; path = ExternalTypeConversions.swift; sourceTree = "<group>"; };
		__PBXFileRef_Sources/Redbird/Formatters.swift /* Formatters.swift */ = {isa = PBXFileReference; lastKnownFileType = sourcecode.swift; path = Formatters.swift; sourceTree = "<group>"; };
		__PBXFileRef_Sources/Redbird/Integer.swift /* Integer.swift */ = {isa = PBXFileReference; lastKnownFileType = sourcecode.swift; path = Integer.swift; sourceTree = "<group>"; };
		__PBXFileRef_Sources/Redbird/Null.swift /* Null.swift */ = {isa = PBXFileReference; lastKnownFileType = sourcecode.swift; path = Null.swift; sourceTree = "<group>"; };
		__PBXFileRef_Sources/Redbird/Parsers.swift /* Parsers.swift */ = {isa = PBXFileReference; lastKnownFileType = sourcecode.swift; path = Parsers.swift; sourceTree = "<group>"; };
		__PBXFileRef_Sources/Redbird/Redbird.swift /* Redbird.swift */ = {isa = PBXFileReference; lastKnownFileType = sourcecode.swift; path = Redbird.swift; sourceTree = "<group>"; };
		__PBXFileRef_Sources/Redbird/RedbirdExtensions.swift /* RedbirdExtensions.swift */ = {isa = PBXFileReference; lastKnownFileType = sourcecode.swift; path = RedbirdExtensions.swift; sourceTree = "<group>"; };
		__PBXFileRef_Sources/Redbird/SimpleString.swift /* SimpleString.swift */ = {isa = PBXFileReference; lastKnownFileType = sourcecode.swift; path = SimpleString.swift; sourceTree = "<group>"; };
		__PBXFileRef_Sources/Redbird/Types.swift /* Types.swift */ = {isa = PBXFileReference; lastKnownFileType = sourcecode.swift; path = Types.swift; sourceTree = "<group>"; };
		__PBXFileRef_Sources/RedbirdExample/main.swift /* main.swift */ = {isa = PBXFileReference; lastKnownFileType = sourcecode.swift; path = main.swift; sourceTree = "<group>"; };
		__PBXFileRef_Tests/Redbird/ConversionTests.swift /* ConversionTests.swift */ = {isa = PBXFileReference; lastKnownFileType = sourcecode.swift; path = ConversionTests.swift; sourceTree = "<group>"; };
		__PBXFileRef_Tests/Redbird/FormattingTests.swift /* FormattingTests.swift */ = {isa = PBXFileReference; lastKnownFileType = sourcecode.swift; path = FormattingTests.swift; sourceTree = "<group>"; };
		__PBXFileRef_Tests/Redbird/ParsingTests.swift /* ParsingTests.swift */ = {isa = PBXFileReference; lastKnownFileType = sourcecode.swift; path = ParsingTests.swift; sourceTree = "<group>"; };
		__PBXFileRef_Tests/Redbird/PerformanceTests.swift /* PerformanceTests.swift */ = {isa = PBXFileReference; lastKnownFileType = sourcecode.swift; path = PerformanceTests.swift; sourceTree = "<group>"; };
		__PBXFileRef_Tests/Redbird/RedbirdTests.swift /* RedbirdTests.swift */ = {isa = PBXFileReference; lastKnownFileType = sourcecode.swift; path = RedbirdTests.swift; sourceTree = "<group>"; };
		__PBXFileRef_Tests/Redbird/StringTests.swift /* StringTests.swift */ = {isa = PBXFileReference; lastKnownFileType = sourcecode.swift; path = StringTests.swift; sourceTree = "<group>"; };
		"_____Product_Redbird" /* libRedbird.dylib */ = {isa = PBXFileReference; explicitFileType = "compiled.mach-o.dylib"; path = libRedbird.dylib; sourceTree = BUILT_PRODUCTS_DIR; };
		"_____Product_RedbirdExample" /* RedbirdExample */ = {isa = PBXFileReference; explicitFileType = "compiled.mach-o.executable"; path = RedbirdExample; sourceTree = BUILT_PRODUCTS_DIR; };
		"_____Product_RedbirdTestSuite" /* Redbird.testsuite.xctest */ = {isa = PBXFileReference; explicitFileType = wrapper.cfbundle; path = Redbird.testsuite.xctest; sourceTree = BUILT_PRODUCTS_DIR; };
/* End PBXFileReference section */

/* Begin PBXFrameworksBuildPhase section */
		"___LinkPhase_Redbird" /* Frameworks */ = {
			isa = PBXFrameworksBuildPhase;
			buildActionMask = 0;
			files = (
			);
			runOnlyForDeploymentPostprocessing = 0;
		};
		"___LinkPhase_RedbirdExample" /* Frameworks */ = {
			isa = PBXFrameworksBuildPhase;
			buildActionMask = 0;
			files = (
				_LinkFileRef_Redbird /* libRedbird.dylib in Frameworks */,
			);
			runOnlyForDeploymentPostprocessing = 0;
		};
		"___LinkPhase_RedbirdTestSuite" /* Frameworks */ = {
			isa = PBXFrameworksBuildPhase;
			buildActionMask = 0;
			files = (
				3AF47E041CAA705300C389BF /* libRedbird.dylib in Frameworks */,
			);
			runOnlyForDeploymentPostprocessing = 0;
		};
/* End PBXFrameworksBuildPhase section */

/* Begin PBXGroup section */
		TestProducts_ /* Tests */ = {
			isa = PBXGroup;
			children = (
				"_____Product_RedbirdTestSuite" /* Redbird.testsuite.xctest */,
			);
			name = Tests;
			sourceTree = "<group>";
		};
		"___RootGroup_" = {
			isa = PBXGroup;
			children = (
				__PBXFileRef_Package.swift /* Package.swift */,
				"_____Sources_" /* Sources */,
				"_______Tests_" /* Tests */,
				"____Products_" /* Products */,
			);
			sourceTree = "<group>";
		};
		"____Products_" /* Products */ = {
			isa = PBXGroup;
			children = (
				TestProducts_ /* Tests */,
				"_____Product_Redbird" /* libRedbird.dylib */,
				"_____Product_RedbirdExample" /* RedbirdExample */,
			);
			name = Products;
			sourceTree = "<group>";
		};
		"_____Sources_" /* Sources */ = {
			isa = PBXGroup;
			children = (
				"_______Group_Redbird" /* Redbird */,
				"_______Group_RedbirdExample" /* RedbirdExample */,
			);
			name = Sources;
			sourceTree = "<group>";
		};
		"_______Group_Redbird" /* Redbird */ = {
			isa = PBXGroup;
			children = (
				__PBXFileRef_Sources/Redbird/Array.swift /* Array.swift */,
				__PBXFileRef_Sources/Redbird/BulkString.swift /* BulkString.swift */,
				__PBXFileRef_Sources/Redbird/ClientSocket.swift /* ClientSocket.swift */,
				__PBXFileRef_Sources/Redbird/Error.swift /* Error.swift */,
				__PBXFileRef_Sources/Redbird/Errors.swift /* Errors.swift */,
				__PBXFileRef_Sources/Redbird/Extensions.swift /* Extensions.swift */,
				__PBXFileRef_Sources/Redbird/ExternalTypeConversions.swift /* ExternalTypeConversions.swift */,
				__PBXFileRef_Sources/Redbird/Formatters.swift /* Formatters.swift */,
				__PBXFileRef_Sources/Redbird/Integer.swift /* Integer.swift */,
				__PBXFileRef_Sources/Redbird/Null.swift /* Null.swift */,
				__PBXFileRef_Sources/Redbird/Parsers.swift /* Parsers.swift */,
				__PBXFileRef_Sources/Redbird/Redbird.swift /* Redbird.swift */,
				__PBXFileRef_Sources/Redbird/RedbirdExtensions.swift /* RedbirdExtensions.swift */,
				__PBXFileRef_Sources/Redbird/SimpleString.swift /* SimpleString.swift */,
				__PBXFileRef_Sources/Redbird/Types.swift /* Types.swift */,
			);
			name = Redbird;
			path = ../Sources/Redbird;
			sourceTree = "<group>";
		};
		"_______Group_RedbirdExample" /* RedbirdExample */ = {
			isa = PBXGroup;
			children = (
				__PBXFileRef_Sources/RedbirdExample/main.swift /* main.swift */,
			);
			name = RedbirdExample;
			path = ../Sources/RedbirdExample;
			sourceTree = "<group>";
		};
		"_______Group_RedbirdTestSuite" /* Redbird.testsuite */ = {
			isa = PBXGroup;
			children = (
				__PBXFileRef_Tests/Redbird/ConversionTests.swift /* ConversionTests.swift */,
				__PBXFileRef_Tests/Redbird/FormattingTests.swift /* FormattingTests.swift */,
				__PBXFileRef_Tests/Redbird/ParsingTests.swift /* ParsingTests.swift */,
				__PBXFileRef_Tests/Redbird/PerformanceTests.swift /* PerformanceTests.swift */,
				__PBXFileRef_Tests/Redbird/RedbirdTests.swift /* RedbirdTests.swift */,
				__PBXFileRef_Tests/Redbird/StringTests.swift /* StringTests.swift */,
				3AF47E061CAA717100C389BF /* XCTestManifests.swift */,
			);
			name = Redbird.testsuite;
			path = ../Tests/Redbird;
			sourceTree = "<group>";
		};
		"_______Tests_" /* Tests */ = {
			isa = PBXGroup;
			children = (
				"_______Group_RedbirdTestSuite" /* Redbird.testsuite */,
			);
			name = Tests;
			sourceTree = "<group>";
		};
/* End PBXGroup section */

/* Begin PBXNativeTarget section */
		"______Target_Redbird" /* Redbird */ = {
			isa = PBXNativeTarget;
			buildConfigurationList = "_______Confs_Redbird" /* Build configuration list for PBXNativeTarget "Redbird" */;
			buildPhases = (
				CompilePhase_Redbird /* Sources */,
				"___LinkPhase_Redbird" /* Frameworks */,
			);
			buildRules = (
			);
			dependencies = (
			);
			name = Redbird;
			productName = Redbird;
			productReference = "_____Product_Redbird" /* libRedbird.dylib */;
			productType = "com.apple.product-type.library.dynamic";
		};
		"______Target_RedbirdExample" /* RedbirdExample */ = {
			isa = PBXNativeTarget;
			buildConfigurationList = "_______Confs_RedbirdExample" /* Build configuration list for PBXNativeTarget "RedbirdExample" */;
			buildPhases = (
				CompilePhase_RedbirdExample /* Sources */,
				"___LinkPhase_RedbirdExample" /* Frameworks */,
			);
			buildRules = (
			);
			dependencies = (
				__Dependency_Redbird /* PBXTargetDependency */,
			);
			name = RedbirdExample;
			productName = RedbirdExample;
			productReference = "_____Product_RedbirdExample" /* RedbirdExample */;
			productType = "com.apple.product-type.tool";
		};
		"______Target_RedbirdTestSuite" /* Redbird.testsuite */ = {
			isa = PBXNativeTarget;
			buildConfigurationList = "_______Confs_RedbirdTestSuite" /* Build configuration list for PBXNativeTarget "Redbird.testsuite" */;
			buildPhases = (
				CompilePhase_RedbirdTestSuite /* Sources */,
				"___LinkPhase_RedbirdTestSuite" /* Frameworks */,
			);
			buildRules = (
			);
			dependencies = (
				__Dependency_Redbird /* PBXTargetDependency */,
			);
			name = Redbird.testsuite;
			productName = RedbirdTestSuite;
			productReference = "_____Product_RedbirdTestSuite" /* Redbird.testsuite.xctest */;
			productType = "com.apple.product-type.bundle.unit-test";
		};
/* End PBXNativeTarget section */

/* Begin PBXProject section */
		__RootObject_ /* Project object */ = {
			isa = PBXProject;
			attributes = {
				LastUpgradeCheck = 9999;
			};
			buildConfigurationList = "___RootConfs_" /* Build configuration list for PBXProject "Redbird" */;
			compatibilityVersion = "Xcode 3.2";
			developmentRegion = English;
			hasScannedForEncodings = 0;
			knownRegions = (
				en,
			);
			mainGroup = "___RootGroup_";
			productRefGroup = "____Products_" /* Products */;
			projectDirPath = "";
			projectRoot = "";
			targets = (
				"______Target_Redbird" /* Redbird */,
				"______Target_RedbirdExample" /* RedbirdExample */,
				"______Target_RedbirdTestSuite" /* Redbird.testsuite */,
			);
		};
/* End PBXProject section */

/* Begin PBXSourcesBuildPhase section */
		CompilePhase_Redbird /* Sources */ = {
			isa = PBXSourcesBuildPhase;
			buildActionMask = 0;
			files = (
				__src_cc_ref_Sources/Redbird/Array.swift /* Array.swift in Sources */,
				__src_cc_ref_Sources/Redbird/BulkString.swift /* BulkString.swift in Sources */,
				__src_cc_ref_Sources/Redbird/ClientSocket.swift /* ClientSocket.swift in Sources */,
				__src_cc_ref_Sources/Redbird/Error.swift /* Error.swift in Sources */,
				__src_cc_ref_Sources/Redbird/Errors.swift /* Errors.swift in Sources */,
				__src_cc_ref_Sources/Redbird/Extensions.swift /* Extensions.swift in Sources */,
				__src_cc_ref_Sources/Redbird/ExternalTypeConversions.swift /* ExternalTypeConversions.swift in Sources */,
				__src_cc_ref_Sources/Redbird/Formatters.swift /* Formatters.swift in Sources */,
				__src_cc_ref_Sources/Redbird/Integer.swift /* Integer.swift in Sources */,
				__src_cc_ref_Sources/Redbird/Null.swift /* Null.swift in Sources */,
				__src_cc_ref_Sources/Redbird/Parsers.swift /* Parsers.swift in Sources */,
				__src_cc_ref_Sources/Redbird/Redbird.swift /* Redbird.swift in Sources */,
				__src_cc_ref_Sources/Redbird/RedbirdExtensions.swift /* RedbirdExtensions.swift in Sources */,
				__src_cc_ref_Sources/Redbird/SimpleString.swift /* SimpleString.swift in Sources */,
				__src_cc_ref_Sources/Redbird/Types.swift /* Types.swift in Sources */,
			);
			runOnlyForDeploymentPostprocessing = 0;
		};
		CompilePhase_RedbirdExample /* Sources */ = {
			isa = PBXSourcesBuildPhase;
			buildActionMask = 0;
			files = (
				__src_cc_ref_Sources/RedbirdExample/main.swift /* main.swift in Sources */,
			);
			runOnlyForDeploymentPostprocessing = 0;
		};
		CompilePhase_RedbirdTestSuite /* Sources */ = {
			isa = PBXSourcesBuildPhase;
			buildActionMask = 0;
			files = (
				3AF47E071CAA717100C389BF /* XCTestManifests.swift in Sources */,
				__src_cc_ref_Tests/Redbird/ConversionTests.swift /* ConversionTests.swift in Sources */,
				__src_cc_ref_Tests/Redbird/FormattingTests.swift /* FormattingTests.swift in Sources */,
				__src_cc_ref_Tests/Redbird/ParsingTests.swift /* ParsingTests.swift in Sources */,
				__src_cc_ref_Tests/Redbird/PerformanceTests.swift /* PerformanceTests.swift in Sources */,
				__src_cc_ref_Tests/Redbird/RedbirdTests.swift /* RedbirdTests.swift in Sources */,
				__src_cc_ref_Tests/Redbird/StringTests.swift /* StringTests.swift in Sources */,
			);
			runOnlyForDeploymentPostprocessing = 0;
		};
/* End PBXSourcesBuildPhase section */

/* Begin PBXTargetDependency section */
		__Dependency_Redbird /* PBXTargetDependency */ = {
			isa = PBXTargetDependency;
			target = "______Target_Redbird" /* Redbird */;
			targetProxy = 3AF47E051CAA705500C389BF /* PBXContainerItemProxy */;
		};
/* End PBXTargetDependency section */

/* Begin XCBuildConfiguration section */
		_ReleaseConf_Redbird /* Release */ = {
			isa = XCBuildConfiguration;
			buildSettings = {
				COMBINE_HIDPI_IMAGES = YES;
				DYLIB_INSTALL_NAME_BASE = "$(CONFIGURATION_BUILD_DIR)";
				ENABLE_TESTABILITY = YES;
				LD_RUNPATH_SEARCH_PATHS = "$(TOOLCHAIN_DIR)/usr/lib/swift/macosx";
				MACOSX_DEPLOYMENT_TARGET = 10.10;
				OTHER_SWIFT_FLAGS = "-DXcode";
				PRODUCT_MODULE_NAME = Redbird;
				PRODUCT_NAME = "lib$(TARGET_NAME)";
			};
			name = Release;
		};
		_ReleaseConf_RedbirdExample /* Release */ = {
			isa = XCBuildConfiguration;
			buildSettings = {
				COMBINE_HIDPI_IMAGES = YES;
				LD_RUNPATH_SEARCH_PATHS = "$(TOOLCHAIN_DIR)/usr/lib/swift/macosx";
				MACOSX_DEPLOYMENT_TARGET = 10.10;
				OTHER_SWIFT_FLAGS = "-DXcode";
				PRODUCT_MODULE_NAME = RedbirdExample;
				PRODUCT_NAME = "$(TARGET_NAME)";
				SWIFT_FORCE_DYNAMIC_LINK_STDLIB = YES;
				SWIFT_FORCE_STATIC_LINK_STDLIB = NO;
			};
			name = Release;
		};
		_ReleaseConf_RedbirdTestSuite /* Release */ = {
			isa = XCBuildConfiguration;
			buildSettings = {
				COMBINE_HIDPI_IMAGES = YES;
				EMBEDDED_CONTENT_CONTAINS_SWIFT = YES;
				LD_RUNPATH_SEARCH_PATHS = "@loader_path/../Frameworks";
				MACOSX_DEPLOYMENT_TARGET = 10.10;
				OTHER_SWIFT_FLAGS = "-DXcode";
				PRODUCT_MODULE_NAME = RedbirdTestSuite;
				PRODUCT_NAME = "$(TARGET_NAME)";
			};
			name = Release;
		};
		"___DebugConf_Redbird" /* Debug */ = {
			isa = XCBuildConfiguration;
			buildSettings = {
				COMBINE_HIDPI_IMAGES = YES;
				DYLIB_INSTALL_NAME_BASE = "$(CONFIGURATION_BUILD_DIR)";
				ENABLE_TESTABILITY = YES;
				LD_RUNPATH_SEARCH_PATHS = "$(TOOLCHAIN_DIR)/usr/lib/swift/macosx";
				MACOSX_DEPLOYMENT_TARGET = 10.10;
				OTHER_SWIFT_FLAGS = "-DXcode";
				PRODUCT_MODULE_NAME = Redbird;
				PRODUCT_NAME = "lib$(TARGET_NAME)";
				SWIFT_OPTIMIZATION_LEVEL = "-Onone";
			};
			name = Debug;
		};
		"___DebugConf_RedbirdExample" /* Debug */ = {
			isa = XCBuildConfiguration;
			buildSettings = {
				COMBINE_HIDPI_IMAGES = YES;
				LD_RUNPATH_SEARCH_PATHS = "$(TOOLCHAIN_DIR)/usr/lib/swift/macosx";
				MACOSX_DEPLOYMENT_TARGET = 10.10;
				OTHER_SWIFT_FLAGS = "-DXcode";
				PRODUCT_MODULE_NAME = RedbirdExample;
				PRODUCT_NAME = "$(TARGET_NAME)";
				SWIFT_FORCE_DYNAMIC_LINK_STDLIB = YES;
				SWIFT_FORCE_STATIC_LINK_STDLIB = NO;
				SWIFT_OPTIMIZATION_LEVEL = "-Onone";
			};
			name = Debug;
		};
		"___DebugConf_RedbirdTestSuite" /* Debug */ = {
			isa = XCBuildConfiguration;
			buildSettings = {
				COMBINE_HIDPI_IMAGES = YES;
				EMBEDDED_CONTENT_CONTAINS_SWIFT = YES;
				LD_RUNPATH_SEARCH_PATHS = "@loader_path/../Frameworks";
				MACOSX_DEPLOYMENT_TARGET = 10.10;
				OTHER_SWIFT_FLAGS = "-DXcode";
				PRODUCT_MODULE_NAME = RedbirdTestSuite;
				PRODUCT_NAME = "$(TARGET_NAME)";
				SWIFT_OPTIMIZATION_LEVEL = "-Onone";
			};
			name = Debug;
		};
		"_____Release_" /* Release */ = {
			isa = XCBuildConfiguration;
			buildSettings = {
			};
			name = Release;
		};
		"_______Debug_" /* Debug */ = {
			isa = XCBuildConfiguration;
			buildSettings = {
			};
			name = Debug;
		};
/* End XCBuildConfiguration section */

/* Begin XCConfigurationList section */
		"___RootConfs_" /* Build configuration list for PBXProject "Redbird" */ = {
			isa = XCConfigurationList;
			buildConfigurations = (
				"_______Debug_" /* Debug */,
				"_____Release_" /* Release */,
			);
			defaultConfigurationIsVisible = 0;
			defaultConfigurationName = Debug;
		};
		"_______Confs_Redbird" /* Build configuration list for PBXNativeTarget "Redbird" */ = {
			isa = XCConfigurationList;
			buildConfigurations = (
				"___DebugConf_Redbird" /* Debug */,
				_ReleaseConf_Redbird /* Release */,
			);
			defaultConfigurationIsVisible = 0;
			defaultConfigurationName = Debug;
		};
		"_______Confs_RedbirdExample" /* Build configuration list for PBXNativeTarget "RedbirdExample" */ = {
			isa = XCConfigurationList;
			buildConfigurations = (
				"___DebugConf_RedbirdExample" /* Debug */,
				_ReleaseConf_RedbirdExample /* Release */,
			);
			defaultConfigurationIsVisible = 0;
			defaultConfigurationName = Debug;
		};
		"_______Confs_RedbirdTestSuite" /* Build configuration list for PBXNativeTarget "Redbird.testsuite" */ = {
			isa = XCConfigurationList;
			buildConfigurations = (
				"___DebugConf_RedbirdTestSuite" /* Debug */,
				_ReleaseConf_RedbirdTestSuite /* Release */,
			);
			defaultConfigurationIsVisible = 0;
			defaultConfigurationName = Debug;
		};
/* End XCConfigurationList section */
	};
	rootObject = __RootObject_ /* Project object */;
}
