// !$*UTF8*$!
{
	archiveVersion = 1;
	classes = {
	};
	objectVersion = 46;
	objects = {

/* Begin PBXBuildFile section */
		3A0C1E6A1C6F9FB900201A9D /* Array.swift in Sources */ = {isa = PBXBuildFile; fileRef = 3A0C1E5D1C6F9FB900201A9D /* Array.swift */; };
		3A0C1E6B1C6F9FB900201A9D /* BulkString.swift in Sources */ = {isa = PBXBuildFile; fileRef = 3A0C1E5E1C6F9FB900201A9D /* BulkString.swift */; };
		3A0C1E6C1C6F9FB900201A9D /* ClientSocket.swift in Sources */ = {isa = PBXBuildFile; fileRef = 3A0C1E5F1C6F9FB900201A9D /* ClientSocket.swift */; };
		3A0C1E6D1C6F9FB900201A9D /* Error.swift in Sources */ = {isa = PBXBuildFile; fileRef = 3A0C1E601C6F9FB900201A9D /* Error.swift */; };
		3A0C1E6E1C6F9FB900201A9D /* Errors.swift in Sources */ = {isa = PBXBuildFile; fileRef = 3A0C1E611C6F9FB900201A9D /* Errors.swift */; };
		3A0C1E6F1C6F9FB900201A9D /* Extensions.swift in Sources */ = {isa = PBXBuildFile; fileRef = 3A0C1E621C6F9FB900201A9D /* Extensions.swift */; };
		3A0C1E701C6F9FB900201A9D /* Formatters.swift in Sources */ = {isa = PBXBuildFile; fileRef = 3A0C1E631C6F9FB900201A9D /* Formatters.swift */; };
		3A0C1E711C6F9FB900201A9D /* Integer.swift in Sources */ = {isa = PBXBuildFile; fileRef = 3A0C1E641C6F9FB900201A9D /* Integer.swift */; };
		3A0C1E721C6F9FB900201A9D /* Null.swift in Sources */ = {isa = PBXBuildFile; fileRef = 3A0C1E651C6F9FB900201A9D /* Null.swift */; };
		3A0C1E731C6F9FB900201A9D /* Parsers.swift in Sources */ = {isa = PBXBuildFile; fileRef = 3A0C1E661C6F9FB900201A9D /* Parsers.swift */; };
		3A0C1E741C6F9FB900201A9D /* Redbird.swift in Sources */ = {isa = PBXBuildFile; fileRef = 3A0C1E671C6F9FB900201A9D /* Redbird.swift */; };
		3A0C1E751C6F9FB900201A9D /* SimpleString.swift in Sources */ = {isa = PBXBuildFile; fileRef = 3A0C1E681C6F9FB900201A9D /* SimpleString.swift */; };
		3A0C1E761C6F9FB900201A9D /* Types.swift in Sources */ = {isa = PBXBuildFile; fileRef = 3A0C1E691C6F9FB900201A9D /* Types.swift */; };
		3A0C1E781C6F9FFB00201A9D /* main.swift in Sources */ = {isa = PBXBuildFile; fileRef = 3A0C1E771C6F9FFB00201A9D /* main.swift */; };
		3A0C1E791C6FA04800201A9D /* Array.swift in Sources */ = {isa = PBXBuildFile; fileRef = 3A0C1E5D1C6F9FB900201A9D /* Array.swift */; };
		3A0C1E7A1C6FA04800201A9D /* BulkString.swift in Sources */ = {isa = PBXBuildFile; fileRef = 3A0C1E5E1C6F9FB900201A9D /* BulkString.swift */; };
		3A0C1E7B1C6FA04800201A9D /* ClientSocket.swift in Sources */ = {isa = PBXBuildFile; fileRef = 3A0C1E5F1C6F9FB900201A9D /* ClientSocket.swift */; };
		3A0C1E7C1C6FA04800201A9D /* Error.swift in Sources */ = {isa = PBXBuildFile; fileRef = 3A0C1E601C6F9FB900201A9D /* Error.swift */; };
		3A0C1E7D1C6FA04800201A9D /* Errors.swift in Sources */ = {isa = PBXBuildFile; fileRef = 3A0C1E611C6F9FB900201A9D /* Errors.swift */; };
		3A0C1E7E1C6FA04800201A9D /* Extensions.swift in Sources */ = {isa = PBXBuildFile; fileRef = 3A0C1E621C6F9FB900201A9D /* Extensions.swift */; };
		3A0C1E7F1C6FA04800201A9D /* Formatters.swift in Sources */ = {isa = PBXBuildFile; fileRef = 3A0C1E631C6F9FB900201A9D /* Formatters.swift */; };
		3A0C1E801C6FA04800201A9D /* Integer.swift in Sources */ = {isa = PBXBuildFile; fileRef = 3A0C1E641C6F9FB900201A9D /* Integer.swift */; };
		3A0C1E811C6FA04800201A9D /* Null.swift in Sources */ = {isa = PBXBuildFile; fileRef = 3A0C1E651C6F9FB900201A9D /* Null.swift */; };
		3A0C1E821C6FA04800201A9D /* Parsers.swift in Sources */ = {isa = PBXBuildFile; fileRef = 3A0C1E661C6F9FB900201A9D /* Parsers.swift */; };
		3A0C1E831C6FA04800201A9D /* Redbird.swift in Sources */ = {isa = PBXBuildFile; fileRef = 3A0C1E671C6F9FB900201A9D /* Redbird.swift */; };
		3A0C1E841C6FA04800201A9D /* SimpleString.swift in Sources */ = {isa = PBXBuildFile; fileRef = 3A0C1E681C6F9FB900201A9D /* SimpleString.swift */; };
		3A0C1E851C6FA04800201A9D /* Types.swift in Sources */ = {isa = PBXBuildFile; fileRef = 3A0C1E691C6F9FB900201A9D /* Types.swift */; };
		3A0C1E871C6FA9E800201A9D /* RedbirdExtensions.swift in Sources */ = {isa = PBXBuildFile; fileRef = 3A0C1E861C6FA9E800201A9D /* RedbirdExtensions.swift */; };
		3A61ED071C6C17330095A34C /* FormattingTests.swift in Sources */ = {isa = PBXBuildFile; fileRef = 3A61ED061C6C17330095A34C /* FormattingTests.swift */; };
		3A7015BA1C6FF091001C9511 /* ConversionTests.swift in Sources */ = {isa = PBXBuildFile; fileRef = 3A7015B91C6FF091001C9511 /* ConversionTests.swift */; };
		3A9259471C70EE7E00C65A9C /* RedbirdExtensions.swift in Sources */ = {isa = PBXBuildFile; fileRef = 3A0C1E861C6FA9E800201A9D /* RedbirdExtensions.swift */; };
		3A9259481C70EE7F00C65A9C /* Array.swift in Sources */ = {isa = PBXBuildFile; fileRef = 3A0C1E5D1C6F9FB900201A9D /* Array.swift */; };
		3A9259491C70EE7F00C65A9C /* BulkString.swift in Sources */ = {isa = PBXBuildFile; fileRef = 3A0C1E5E1C6F9FB900201A9D /* BulkString.swift */; };
		3A92594A1C70EE7F00C65A9C /* ClientSocket.swift in Sources */ = {isa = PBXBuildFile; fileRef = 3A0C1E5F1C6F9FB900201A9D /* ClientSocket.swift */; };
		3A92594B1C70EE7F00C65A9C /* Error.swift in Sources */ = {isa = PBXBuildFile; fileRef = 3A0C1E601C6F9FB900201A9D /* Error.swift */; };
		3A92594C1C70EE7F00C65A9C /* Errors.swift in Sources */ = {isa = PBXBuildFile; fileRef = 3A0C1E611C6F9FB900201A9D /* Errors.swift */; };
		3A92594D1C70EE7F00C65A9C /* Extensions.swift in Sources */ = {isa = PBXBuildFile; fileRef = 3A0C1E621C6F9FB900201A9D /* Extensions.swift */; };
		3A92594E1C70EE7F00C65A9C /* ExternalTypeConversions.swift in Sources */ = {isa = PBXBuildFile; fileRef = 3AFDE20C1C6FEB5E00975090 /* ExternalTypeConversions.swift */; };
		3A92594F1C70EE7F00C65A9C /* Formatters.swift in Sources */ = {isa = PBXBuildFile; fileRef = 3A0C1E631C6F9FB900201A9D /* Formatters.swift */; };
		3A9259501C70EE7F00C65A9C /* Integer.swift in Sources */ = {isa = PBXBuildFile; fileRef = 3A0C1E641C6F9FB900201A9D /* Integer.swift */; };
		3A9259511C70EE7F00C65A9C /* Null.swift in Sources */ = {isa = PBXBuildFile; fileRef = 3A0C1E651C6F9FB900201A9D /* Null.swift */; };
		3A9259521C70EE7F00C65A9C /* Parsers.swift in Sources */ = {isa = PBXBuildFile; fileRef = 3A0C1E661C6F9FB900201A9D /* Parsers.swift */; };
		3A9259531C70EE7F00C65A9C /* Redbird.swift in Sources */ = {isa = PBXBuildFile; fileRef = 3A0C1E671C6F9FB900201A9D /* Redbird.swift */; };
		3A9259541C70EE7F00C65A9C /* RedbirdExtensions.swift in Sources */ = {isa = PBXBuildFile; fileRef = 3A0C1E861C6FA9E800201A9D /* RedbirdExtensions.swift */; };
		3A9259551C70EE7F00C65A9C /* SimpleString.swift in Sources */ = {isa = PBXBuildFile; fileRef = 3A0C1E681C6F9FB900201A9D /* SimpleString.swift */; };
		3A9259561C70EE7F00C65A9C /* Types.swift in Sources */ = {isa = PBXBuildFile; fileRef = 3A0C1E691C6F9FB900201A9D /* Types.swift */; };
		3A9259631C70EEE000C65A9C /* ConversionTests.swift in Sources */ = {isa = PBXBuildFile; fileRef = 3A7015B91C6FF091001C9511 /* ConversionTests.swift */; };
		3A9259641C70EEE000C65A9C /* FormattingTests.swift in Sources */ = {isa = PBXBuildFile; fileRef = 3A61ED061C6C17330095A34C /* FormattingTests.swift */; };
		3A9259651C70EEE000C65A9C /* ParsingTests.swift in Sources */ = {isa = PBXBuildFile; fileRef = 3AFD5E581C6BF5FE0083B467 /* ParsingTests.swift */; };
		3A9259661C70EEE000C65A9C /* RedbirdTests.swift in Sources */ = {isa = PBXBuildFile; fileRef = 3AFD5E411C6BF4390083B467 /* RedbirdTests.swift */; };
		3A9259671C70EEE000C65A9C /* StringTests.swift in Sources */ = {isa = PBXBuildFile; fileRef = 3AFD5E5A1C6BFD2B0083B467 /* StringTests.swift */; };
		3A9259681C70EEE000C65A9C /* Array.swift in Sources */ = {isa = PBXBuildFile; fileRef = 3A0C1E5D1C6F9FB900201A9D /* Array.swift */; };
		3A9259691C70EEE000C65A9C /* BulkString.swift in Sources */ = {isa = PBXBuildFile; fileRef = 3A0C1E5E1C6F9FB900201A9D /* BulkString.swift */; };
		3A92596A1C70EEE000C65A9C /* ClientSocket.swift in Sources */ = {isa = PBXBuildFile; fileRef = 3A0C1E5F1C6F9FB900201A9D /* ClientSocket.swift */; };
		3A92596B1C70EEE000C65A9C /* Error.swift in Sources */ = {isa = PBXBuildFile; fileRef = 3A0C1E601C6F9FB900201A9D /* Error.swift */; };
		3A92596C1C70EEE000C65A9C /* Errors.swift in Sources */ = {isa = PBXBuildFile; fileRef = 3A0C1E611C6F9FB900201A9D /* Errors.swift */; };
		3A92596D1C70EEE000C65A9C /* Extensions.swift in Sources */ = {isa = PBXBuildFile; fileRef = 3A0C1E621C6F9FB900201A9D /* Extensions.swift */; };
		3A92596E1C70EEE000C65A9C /* ExternalTypeConversions.swift in Sources */ = {isa = PBXBuildFile; fileRef = 3AFDE20C1C6FEB5E00975090 /* ExternalTypeConversions.swift */; };
		3A92596F1C70EEE000C65A9C /* Formatters.swift in Sources */ = {isa = PBXBuildFile; fileRef = 3A0C1E631C6F9FB900201A9D /* Formatters.swift */; };
		3A9259701C70EEE000C65A9C /* Integer.swift in Sources */ = {isa = PBXBuildFile; fileRef = 3A0C1E641C6F9FB900201A9D /* Integer.swift */; };
		3A9259711C70EEE000C65A9C /* Null.swift in Sources */ = {isa = PBXBuildFile; fileRef = 3A0C1E651C6F9FB900201A9D /* Null.swift */; };
		3A9259721C70EEE000C65A9C /* Parsers.swift in Sources */ = {isa = PBXBuildFile; fileRef = 3A0C1E661C6F9FB900201A9D /* Parsers.swift */; };
		3A9259731C70EEE000C65A9C /* Redbird.swift in Sources */ = {isa = PBXBuildFile; fileRef = 3A0C1E671C6F9FB900201A9D /* Redbird.swift */; };
		3A9259741C70EEE000C65A9C /* RedbirdExtensions.swift in Sources */ = {isa = PBXBuildFile; fileRef = 3A0C1E861C6FA9E800201A9D /* RedbirdExtensions.swift */; };
		3A9259751C70EEE000C65A9C /* SimpleString.swift in Sources */ = {isa = PBXBuildFile; fileRef = 3A0C1E681C6F9FB900201A9D /* SimpleString.swift */; };
		3A9259761C70EEE000C65A9C /* Types.swift in Sources */ = {isa = PBXBuildFile; fileRef = 3A0C1E691C6F9FB900201A9D /* Types.swift */; };
		3A9259771C70EEE000C65A9C /* ConversionTests.swift in Sources */ = {isa = PBXBuildFile; fileRef = 3A7015B91C6FF091001C9511 /* ConversionTests.swift */; };
		3A9259781C70EEE000C65A9C /* FormattingTests.swift in Sources */ = {isa = PBXBuildFile; fileRef = 3A61ED061C6C17330095A34C /* FormattingTests.swift */; };
		3A9259791C70EEE000C65A9C /* ParsingTests.swift in Sources */ = {isa = PBXBuildFile; fileRef = 3AFD5E581C6BF5FE0083B467 /* ParsingTests.swift */; };
		3A92597A1C70EEE000C65A9C /* RedbirdTests.swift in Sources */ = {isa = PBXBuildFile; fileRef = 3AFD5E411C6BF4390083B467 /* RedbirdTests.swift */; };
		3A92597B1C70EEE000C65A9C /* StringTests.swift in Sources */ = {isa = PBXBuildFile; fileRef = 3AFD5E5A1C6BFD2B0083B467 /* StringTests.swift */; };
		3AFD5E421C6BF4390083B467 /* RedbirdTests.swift in Sources */ = {isa = PBXBuildFile; fileRef = 3AFD5E411C6BF4390083B467 /* RedbirdTests.swift */; };
		3AFD5E591C6BF5FE0083B467 /* ParsingTests.swift in Sources */ = {isa = PBXBuildFile; fileRef = 3AFD5E581C6BF5FE0083B467 /* ParsingTests.swift */; };
		3AFD5E5B1C6BFD2B0083B467 /* StringTests.swift in Sources */ = {isa = PBXBuildFile; fileRef = 3AFD5E5A1C6BFD2B0083B467 /* StringTests.swift */; };
		3AFDE20D1C6FEB5E00975090 /* ExternalTypeConversions.swift in Sources */ = {isa = PBXBuildFile; fileRef = 3AFDE20C1C6FEB5E00975090 /* ExternalTypeConversions.swift */; };
		3AFDE20E1C6FEB5E00975090 /* ExternalTypeConversions.swift in Sources */ = {isa = PBXBuildFile; fileRef = 3AFDE20C1C6FEB5E00975090 /* ExternalTypeConversions.swift */; };
/* End PBXBuildFile section */

/* Begin PBXCopyFilesBuildPhase section */
		3A4B6D5C1C6BDC79001E1469 /* CopyFiles */ = {
			isa = PBXCopyFilesBuildPhase;
			buildActionMask = 2147483647;
			dstPath = /usr/share/man/man1/;
			dstSubfolderSpec = 0;
			files = (
			);
			runOnlyForDeploymentPostprocessing = 1;
		};
/* End PBXCopyFilesBuildPhase section */

/* Begin PBXFileReference section */
		3A0C1E5D1C6F9FB900201A9D /* Array.swift */ = {isa = PBXFileReference; fileEncoding = 4; lastKnownFileType = sourcecode.swift; name = Array.swift; path = ../Sources/Redbird/Array.swift; sourceTree = SOURCE_ROOT; };
		3A0C1E5E1C6F9FB900201A9D /* BulkString.swift */ = {isa = PBXFileReference; fileEncoding = 4; lastKnownFileType = sourcecode.swift; name = BulkString.swift; path = ../Sources/Redbird/BulkString.swift; sourceTree = SOURCE_ROOT; };
		3A0C1E5F1C6F9FB900201A9D /* ClientSocket.swift */ = {isa = PBXFileReference; fileEncoding = 4; lastKnownFileType = sourcecode.swift; name = ClientSocket.swift; path = ../Sources/Redbird/ClientSocket.swift; sourceTree = SOURCE_ROOT; };
		3A0C1E601C6F9FB900201A9D /* Error.swift */ = {isa = PBXFileReference; fileEncoding = 4; lastKnownFileType = sourcecode.swift; name = Error.swift; path = ../Sources/Redbird/Error.swift; sourceTree = SOURCE_ROOT; };
		3A0C1E611C6F9FB900201A9D /* Errors.swift */ = {isa = PBXFileReference; fileEncoding = 4; lastKnownFileType = sourcecode.swift; name = Errors.swift; path = ../Sources/Redbird/Errors.swift; sourceTree = SOURCE_ROOT; };
		3A0C1E621C6F9FB900201A9D /* Extensions.swift */ = {isa = PBXFileReference; fileEncoding = 4; lastKnownFileType = sourcecode.swift; name = Extensions.swift; path = ../Sources/Redbird/Extensions.swift; sourceTree = SOURCE_ROOT; };
		3A0C1E631C6F9FB900201A9D /* Formatters.swift */ = {isa = PBXFileReference; fileEncoding = 4; lastKnownFileType = sourcecode.swift; name = Formatters.swift; path = ../Sources/Redbird/Formatters.swift; sourceTree = SOURCE_ROOT; };
		3A0C1E641C6F9FB900201A9D /* Integer.swift */ = {isa = PBXFileReference; fileEncoding = 4; lastKnownFileType = sourcecode.swift; name = Integer.swift; path = ../Sources/Redbird/Integer.swift; sourceTree = SOURCE_ROOT; };
		3A0C1E651C6F9FB900201A9D /* Null.swift */ = {isa = PBXFileReference; fileEncoding = 4; lastKnownFileType = sourcecode.swift; name = Null.swift; path = ../Sources/Redbird/Null.swift; sourceTree = SOURCE_ROOT; };
		3A0C1E661C6F9FB900201A9D /* Parsers.swift */ = {isa = PBXFileReference; fileEncoding = 4; lastKnownFileType = sourcecode.swift; name = Parsers.swift; path = ../Sources/Redbird/Parsers.swift; sourceTree = SOURCE_ROOT; };
		3A0C1E671C6F9FB900201A9D /* Redbird.swift */ = {isa = PBXFileReference; fileEncoding = 4; lastKnownFileType = sourcecode.swift; name = Redbird.swift; path = ../Sources/Redbird/Redbird.swift; sourceTree = SOURCE_ROOT; };
		3A0C1E681C6F9FB900201A9D /* SimpleString.swift */ = {isa = PBXFileReference; fileEncoding = 4; lastKnownFileType = sourcecode.swift; name = SimpleString.swift; path = ../Sources/Redbird/SimpleString.swift; sourceTree = SOURCE_ROOT; };
		3A0C1E691C6F9FB900201A9D /* Types.swift */ = {isa = PBXFileReference; fileEncoding = 4; lastKnownFileType = sourcecode.swift; name = Types.swift; path = ../Sources/Redbird/Types.swift; sourceTree = SOURCE_ROOT; };
		3A0C1E771C6F9FFB00201A9D /* main.swift */ = {isa = PBXFileReference; fileEncoding = 4; lastKnownFileType = sourcecode.swift; name = main.swift; path = ../Sources/RedbirdExample/main.swift; sourceTree = SOURCE_ROOT; };
		3A0C1E861C6FA9E800201A9D /* RedbirdExtensions.swift */ = {isa = PBXFileReference; fileEncoding = 4; lastKnownFileType = sourcecode.swift; name = RedbirdExtensions.swift; path = ../Sources/Redbird/RedbirdExtensions.swift; sourceTree = SOURCE_ROOT; };
		3A4B6D5E1C6BDC79001E1469 /* Redbird */ = {isa = PBXFileReference; explicitFileType = "compiled.mach-o.executable"; includeInIndex = 0; path = Redbird; sourceTree = BUILT_PRODUCTS_DIR; };
		3A61ED061C6C17330095A34C /* FormattingTests.swift */ = {isa = PBXFileReference; fileEncoding = 4; lastKnownFileType = sourcecode.swift; name = FormattingTests.swift; path = ../../Tests/FormattingTests.swift; sourceTree = "<group>"; };
		3A7015B91C6FF091001C9511 /* ConversionTests.swift */ = {isa = PBXFileReference; fileEncoding = 4; lastKnownFileType = sourcecode.swift; name = ConversionTests.swift; path = ../../Tests/ConversionTests.swift; sourceTree = "<group>"; };
		3A92593F1C70EE7100C65A9C /* RedbirdTests-iOS.xctest */ = {isa = PBXFileReference; explicitFileType = wrapper.cfbundle; includeInIndex = 0; path = "RedbirdTests-iOS.xctest"; sourceTree = BUILT_PRODUCTS_DIR; };
		3A9259431C70EE7100C65A9C /* Info.plist */ = {isa = PBXFileReference; lastKnownFileType = text.plist.xml; path = Info.plist; sourceTree = "<group>"; };
		3A92595B1C70EED100C65A9C /* RedbirdTests-tvOS.xctest */ = {isa = PBXFileReference; explicitFileType = wrapper.cfbundle; includeInIndex = 0; path = "RedbirdTests-tvOS.xctest"; sourceTree = BUILT_PRODUCTS_DIR; };
		3A92595F1C70EED100C65A9C /* Info.plist */ = {isa = PBXFileReference; lastKnownFileType = text.plist.xml; path = Info.plist; sourceTree = "<group>"; };
		3AFD5E3F1C6BF4390083B467 /* RedbirdTests.xctest */ = {isa = PBXFileReference; explicitFileType = wrapper.cfbundle; includeInIndex = 0; path = RedbirdTests.xctest; sourceTree = BUILT_PRODUCTS_DIR; };
		3AFD5E411C6BF4390083B467 /* RedbirdTests.swift */ = {isa = PBXFileReference; lastKnownFileType = sourcecode.swift; name = RedbirdTests.swift; path = ../Tests/RedbirdTests.swift; sourceTree = SOURCE_ROOT; };
		3AFD5E431C6BF4390083B467 /* Info.plist */ = {isa = PBXFileReference; lastKnownFileType = text.plist.xml; path = Info.plist; sourceTree = "<group>"; };
		3AFD5E581C6BF5FE0083B467 /* ParsingTests.swift */ = {isa = PBXFileReference; fileEncoding = 4; lastKnownFileType = sourcecode.swift; name = ParsingTests.swift; path = ../../Tests/ParsingTests.swift; sourceTree = "<group>"; };
		3AFD5E5A1C6BFD2B0083B467 /* StringTests.swift */ = {isa = PBXFileReference; fileEncoding = 4; lastKnownFileType = sourcecode.swift; name = StringTests.swift; path = ../../Tests/StringTests.swift; sourceTree = "<group>"; };
		3AFDE20C1C6FEB5E00975090 /* ExternalTypeConversions.swift */ = {isa = PBXFileReference; fileEncoding = 4; lastKnownFileType = sourcecode.swift; name = ExternalTypeConversions.swift; path = ../Sources/Redbird/ExternalTypeConversions.swift; sourceTree = SOURCE_ROOT; };
/* End PBXFileReference section */

/* Begin PBXFrameworksBuildPhase section */
		3A4B6D5B1C6BDC79001E1469 /* Frameworks */ = {
			isa = PBXFrameworksBuildPhase;
			buildActionMask = 2147483647;
			files = (
			);
			runOnlyForDeploymentPostprocessing = 0;
		};
		3A92593C1C70EE7100C65A9C /* Frameworks */ = {
			isa = PBXFrameworksBuildPhase;
			buildActionMask = 2147483647;
			files = (
			);
			runOnlyForDeploymentPostprocessing = 0;
		};
		3A9259581C70EED100C65A9C /* Frameworks */ = {
			isa = PBXFrameworksBuildPhase;
			buildActionMask = 2147483647;
			files = (
			);
			runOnlyForDeploymentPostprocessing = 0;
		};
		3AFD5E3C1C6BF4390083B467 /* Frameworks */ = {
			isa = PBXFrameworksBuildPhase;
			buildActionMask = 2147483647;
			files = (
			);
			runOnlyForDeploymentPostprocessing = 0;
		};
/* End PBXFrameworksBuildPhase section */

/* Begin PBXGroup section */
		3A4B6D551C6BDC79001E1469 = {
			isa = PBXGroup;
			children = (
				3A4B6D601C6BDC79001E1469 /* Redbird */,
				3AFD5E401C6BF4390083B467 /* RedbirdTests */,
				3A9259401C70EE7100C65A9C /* RedbirdTests-iOS */,
				3A92595C1C70EED100C65A9C /* RedbirdTests-tvOS */,
				3A4B6D5F1C6BDC79001E1469 /* Products */,
			);
			sourceTree = "<group>";
		};
		3A4B6D5F1C6BDC79001E1469 /* Products */ = {
			isa = PBXGroup;
			children = (
				3A4B6D5E1C6BDC79001E1469 /* Redbird */,
				3AFD5E3F1C6BF4390083B467 /* RedbirdTests.xctest */,
				3A92593F1C70EE7100C65A9C /* RedbirdTests-iOS.xctest */,
				3A92595B1C70EED100C65A9C /* RedbirdTests-tvOS.xctest */,
			);
			name = Products;
			sourceTree = "<group>";
		};
		3A4B6D601C6BDC79001E1469 /* Redbird */ = {
			isa = PBXGroup;
			children = (
				3A0C1E5D1C6F9FB900201A9D /* Array.swift */,
				3A0C1E5E1C6F9FB900201A9D /* BulkString.swift */,
				3A0C1E5F1C6F9FB900201A9D /* ClientSocket.swift */,
				3A0C1E601C6F9FB900201A9D /* Error.swift */,
				3A0C1E611C6F9FB900201A9D /* Errors.swift */,
				3A0C1E621C6F9FB900201A9D /* Extensions.swift */,
				3AFDE20C1C6FEB5E00975090 /* ExternalTypeConversions.swift */,
				3A0C1E631C6F9FB900201A9D /* Formatters.swift */,
				3A0C1E641C6F9FB900201A9D /* Integer.swift */,
				3A0C1E771C6F9FFB00201A9D /* main.swift */,
				3A0C1E651C6F9FB900201A9D /* Null.swift */,
				3A0C1E661C6F9FB900201A9D /* Parsers.swift */,
				3A0C1E671C6F9FB900201A9D /* Redbird.swift */,
				3A0C1E861C6FA9E800201A9D /* RedbirdExtensions.swift */,
				3A0C1E681C6F9FB900201A9D /* SimpleString.swift */,
				3A0C1E691C6F9FB900201A9D /* Types.swift */,
			);
			path = Redbird;
			sourceTree = "<group>";
		};
		3A9259401C70EE7100C65A9C /* RedbirdTests-iOS */ = {
			isa = PBXGroup;
			children = (
				3A9259431C70EE7100C65A9C /* Info.plist */,
			);
			path = "RedbirdTests-iOS";
			sourceTree = "<group>";
		};
		3A92595C1C70EED100C65A9C /* RedbirdTests-tvOS */ = {
			isa = PBXGroup;
			children = (
				3A92595F1C70EED100C65A9C /* Info.plist */,
			);
			path = "RedbirdTests-tvOS";
			sourceTree = "<group>";
		};
		3AFD5E401C6BF4390083B467 /* RedbirdTests */ = {
			isa = PBXGroup;
			children = (
				3AFD5E431C6BF4390083B467 /* Info.plist */,
				3A7015B91C6FF091001C9511 /* ConversionTests.swift */,
				3A61ED061C6C17330095A34C /* FormattingTests.swift */,
				3AFD5E581C6BF5FE0083B467 /* ParsingTests.swift */,
				3AFD5E411C6BF4390083B467 /* RedbirdTests.swift */,
				3AFD5E5A1C6BFD2B0083B467 /* StringTests.swift */,
			);
			path = RedbirdTests;
			sourceTree = "<group>";
		};
/* End PBXGroup section */

/* Begin PBXNativeTarget section */
		3A4B6D5D1C6BDC79001E1469 /* Redbird */ = {
			isa = PBXNativeTarget;
			buildConfigurationList = 3A4B6D651C6BDC79001E1469 /* Build configuration list for PBXNativeTarget "Redbird" */;
			buildPhases = (
				3A4B6D5A1C6BDC79001E1469 /* Sources */,
				3A4B6D5B1C6BDC79001E1469 /* Frameworks */,
				3A4B6D5C1C6BDC79001E1469 /* CopyFiles */,
			);
			buildRules = (
			);
			dependencies = (
			);
			name = Redbird;
			productName = Redbird;
			productReference = 3A4B6D5E1C6BDC79001E1469 /* Redbird */;
			productType = "com.apple.product-type.tool";
		};
		3A92593E1C70EE7100C65A9C /* RedbirdTests-iOS */ = {
			isa = PBXNativeTarget;
			buildConfigurationList = 3A9259461C70EE7100C65A9C /* Build configuration list for PBXNativeTarget "RedbirdTests-iOS" */;
			buildPhases = (
				3A92593B1C70EE7100C65A9C /* Sources */,
				3A92593C1C70EE7100C65A9C /* Frameworks */,
				3A92593D1C70EE7100C65A9C /* Resources */,
			);
			buildRules = (
			);
			dependencies = (
			);
			name = "RedbirdTests-iOS";
			productName = "RedbirdTests-iOS";
			productReference = 3A92593F1C70EE7100C65A9C /* RedbirdTests-iOS.xctest */;
			productType = "com.apple.product-type.bundle.unit-test";
		};
		3A92595A1C70EED100C65A9C /* RedbirdTests-tvOS */ = {
			isa = PBXNativeTarget;
			buildConfigurationList = 3A9259601C70EED100C65A9C /* Build configuration list for PBXNativeTarget "RedbirdTests-tvOS" */;
			buildPhases = (
				3A9259571C70EED100C65A9C /* Sources */,
				3A9259581C70EED100C65A9C /* Frameworks */,
				3A9259591C70EED100C65A9C /* Resources */,
			);
			buildRules = (
			);
			dependencies = (
			);
			name = "RedbirdTests-tvOS";
			productName = "RedbirdTests-tvOS";
			productReference = 3A92595B1C70EED100C65A9C /* RedbirdTests-tvOS.xctest */;
			productType = "com.apple.product-type.bundle.unit-test";
		};
		3AFD5E3E1C6BF4390083B467 /* RedbirdTests */ = {
			isa = PBXNativeTarget;
			buildConfigurationList = 3AFD5E441C6BF4390083B467 /* Build configuration list for PBXNativeTarget "RedbirdTests" */;
			buildPhases = (
				3AFD5E3B1C6BF4390083B467 /* Sources */,
				3AFD5E3C1C6BF4390083B467 /* Frameworks */,
				3AFD5E3D1C6BF4390083B467 /* Resources */,
			);
			buildRules = (
			);
			dependencies = (
			);
			name = RedbirdTests;
			productName = RedbirdTests;
			productReference = 3AFD5E3F1C6BF4390083B467 /* RedbirdTests.xctest */;
			productType = "com.apple.product-type.bundle.unit-test";
		};
/* End PBXNativeTarget section */

/* Begin PBXProject section */
		3A4B6D561C6BDC79001E1469 /* Project object */ = {
			isa = PBXProject;
			attributes = {
				LastSwiftUpdateCheck = 0730;
				LastUpgradeCheck = 0730;
				ORGANIZATIONNAME = "Honza Dvorsky";
				TargetAttributes = {
					3A4B6D5D1C6BDC79001E1469 = {
						CreatedOnToolsVersion = 7.3;
					};
					3A92593E1C70EE7100C65A9C = {
						CreatedOnToolsVersion = 7.3;
					};
					3A92595A1C70EED100C65A9C = {
						CreatedOnToolsVersion = 7.3;
					};
					3AFD5E3E1C6BF4390083B467 = {
						CreatedOnToolsVersion = 7.3;
					};
				};
			};
			buildConfigurationList = 3A4B6D591C6BDC79001E1469 /* Build configuration list for PBXProject "Redbird" */;
			compatibilityVersion = "Xcode 3.2";
			developmentRegion = English;
			hasScannedForEncodings = 0;
			knownRegions = (
				en,
			);
			mainGroup = 3A4B6D551C6BDC79001E1469;
			productRefGroup = 3A4B6D5F1C6BDC79001E1469 /* Products */;
			projectDirPath = "";
			projectRoot = "";
			targets = (
				3A4B6D5D1C6BDC79001E1469 /* Redbird */,
				3AFD5E3E1C6BF4390083B467 /* RedbirdTests */,
				3A92593E1C70EE7100C65A9C /* RedbirdTests-iOS */,
				3A92595A1C70EED100C65A9C /* RedbirdTests-tvOS */,
			);
		};
/* End PBXProject section */

/* Begin PBXResourcesBuildPhase section */
		3A92593D1C70EE7100C65A9C /* Resources */ = {
			isa = PBXResourcesBuildPhase;
			buildActionMask = 2147483647;
			files = (
			);
			runOnlyForDeploymentPostprocessing = 0;
		};
		3A9259591C70EED100C65A9C /* Resources */ = {
			isa = PBXResourcesBuildPhase;
			buildActionMask = 2147483647;
			files = (
			);
			runOnlyForDeploymentPostprocessing = 0;
		};
		3AFD5E3D1C6BF4390083B467 /* Resources */ = {
			isa = PBXResourcesBuildPhase;
			buildActionMask = 2147483647;
			files = (
			);
			runOnlyForDeploymentPostprocessing = 0;
		};
/* End PBXResourcesBuildPhase section */

/* Begin PBXSourcesBuildPhase section */
		3A4B6D5A1C6BDC79001E1469 /* Sources */ = {
			isa = PBXSourcesBuildPhase;
			buildActionMask = 2147483647;
			files = (
				3A0C1E6D1C6F9FB900201A9D /* Error.swift in Sources */,
				3A0C1E6F1C6F9FB900201A9D /* Extensions.swift in Sources */,
				3A0C1E6E1C6F9FB900201A9D /* Errors.swift in Sources */,
				3A0C1E721C6F9FB900201A9D /* Null.swift in Sources */,
				3A0C1E6B1C6F9FB900201A9D /* BulkString.swift in Sources */,
				3A0C1E6C1C6F9FB900201A9D /* ClientSocket.swift in Sources */,
				3AFDE20D1C6FEB5E00975090 /* ExternalTypeConversions.swift in Sources */,
				3A0C1E871C6FA9E800201A9D /* RedbirdExtensions.swift in Sources */,
				3A0C1E6A1C6F9FB900201A9D /* Array.swift in Sources */,
				3A0C1E711C6F9FB900201A9D /* Integer.swift in Sources */,
				3A0C1E781C6F9FFB00201A9D /* main.swift in Sources */,
				3A0C1E761C6F9FB900201A9D /* Types.swift in Sources */,
				3A0C1E741C6F9FB900201A9D /* Redbird.swift in Sources */,
				3A0C1E731C6F9FB900201A9D /* Parsers.swift in Sources */,
				3A0C1E751C6F9FB900201A9D /* SimpleString.swift in Sources */,
				3A0C1E701C6F9FB900201A9D /* Formatters.swift in Sources */,
			);
			runOnlyForDeploymentPostprocessing = 0;
		};
		3A92593B1C70EE7100C65A9C /* Sources */ = {
			isa = PBXSourcesBuildPhase;
			buildActionMask = 2147483647;
			files = (
				3A92594A1C70EE7F00C65A9C /* ClientSocket.swift in Sources */,
				3A9259491C70EE7F00C65A9C /* BulkString.swift in Sources */,
				3A92594F1C70EE7F00C65A9C /* Formatters.swift in Sources */,
				3A9259631C70EEE000C65A9C /* ConversionTests.swift in Sources */,
				3A9259521C70EE7F00C65A9C /* Parsers.swift in Sources */,
				3A92594B1C70EE7F00C65A9C /* Error.swift in Sources */,
				3A92594C1C70EE7F00C65A9C /* Errors.swift in Sources */,
				3A9259531C70EE7F00C65A9C /* Redbird.swift in Sources */,
				3A9259651C70EEE000C65A9C /* ParsingTests.swift in Sources */,
				3A9259671C70EEE000C65A9C /* StringTests.swift in Sources */,
				3A9259511C70EE7F00C65A9C /* Null.swift in Sources */,
				3A9259501C70EE7F00C65A9C /* Integer.swift in Sources */,
				3A9259661C70EEE000C65A9C /* RedbirdTests.swift in Sources */,
				3A9259551C70EE7F00C65A9C /* SimpleString.swift in Sources */,
				3A9259561C70EE7F00C65A9C /* Types.swift in Sources */,
				3A9259481C70EE7F00C65A9C /* Array.swift in Sources */,
				3A92594E1C70EE7F00C65A9C /* ExternalTypeConversions.swift in Sources */,
				3A9259541C70EE7F00C65A9C /* RedbirdExtensions.swift in Sources */,
				3A9259641C70EEE000C65A9C /* FormattingTests.swift in Sources */,
				3A92594D1C70EE7F00C65A9C /* Extensions.swift in Sources */,
			);
			runOnlyForDeploymentPostprocessing = 0;
		};
		3A9259571C70EED100C65A9C /* Sources */ = {
			isa = PBXSourcesBuildPhase;
			buildActionMask = 2147483647;
			files = (
				3A92596A1C70EEE000C65A9C /* ClientSocket.swift in Sources */,
				3A9259691C70EEE000C65A9C /* BulkString.swift in Sources */,
				3A92596F1C70EEE000C65A9C /* Formatters.swift in Sources */,
				3A9259771C70EEE000C65A9C /* ConversionTests.swift in Sources */,
				3A9259721C70EEE000C65A9C /* Parsers.swift in Sources */,
				3A92596B1C70EEE000C65A9C /* Error.swift in Sources */,
				3A92596C1C70EEE000C65A9C /* Errors.swift in Sources */,
				3A9259731C70EEE000C65A9C /* Redbird.swift in Sources */,
				3A9259791C70EEE000C65A9C /* ParsingTests.swift in Sources */,
				3A92597B1C70EEE000C65A9C /* StringTests.swift in Sources */,
				3A9259711C70EEE000C65A9C /* Null.swift in Sources */,
				3A9259701C70EEE000C65A9C /* Integer.swift in Sources */,
				3A92597A1C70EEE000C65A9C /* RedbirdTests.swift in Sources */,
				3A9259751C70EEE000C65A9C /* SimpleString.swift in Sources */,
				3A9259761C70EEE000C65A9C /* Types.swift in Sources */,
				3A9259681C70EEE000C65A9C /* Array.swift in Sources */,
				3A92596E1C70EEE000C65A9C /* ExternalTypeConversions.swift in Sources */,
				3A9259741C70EEE000C65A9C /* RedbirdExtensions.swift in Sources */,
				3A9259781C70EEE000C65A9C /* FormattingTests.swift in Sources */,
				3A92596D1C70EEE000C65A9C /* Extensions.swift in Sources */,
			);
			runOnlyForDeploymentPostprocessing = 0;
		};
		3AFD5E3B1C6BF4390083B467 /* Sources */ = {
			isa = PBXSourcesBuildPhase;
			buildActionMask = 2147483647;
			files = (
				3A0C1E7C1C6FA04800201A9D /* Error.swift in Sources */,
				3AFD5E421C6BF4390083B467 /* RedbirdTests.swift in Sources */,
				3A0C1E821C6FA04800201A9D /* Parsers.swift in Sources */,
				3A0C1E851C6FA04800201A9D /* Types.swift in Sources */,
				3A0C1E7F1C6FA04800201A9D /* Formatters.swift in Sources */,
				3A0C1E7B1C6FA04800201A9D /* ClientSocket.swift in Sources */,
				3A9259471C70EE7E00C65A9C /* RedbirdExtensions.swift in Sources */,
				3A0C1E791C6FA04800201A9D /* Array.swift in Sources */,
				3AFD5E5B1C6BFD2B0083B467 /* StringTests.swift in Sources */,
				3A0C1E801C6FA04800201A9D /* Integer.swift in Sources */,
				3A0C1E831C6FA04800201A9D /* Redbird.swift in Sources */,
				3A0C1E7E1C6FA04800201A9D /* Extensions.swift in Sources */,
				3AFD5E591C6BF5FE0083B467 /* ParsingTests.swift in Sources */,
				3AFDE20E1C6FEB5E00975090 /* ExternalTypeConversions.swift in Sources */,
				3A0C1E7A1C6FA04800201A9D /* BulkString.swift in Sources */,
				3A0C1E7D1C6FA04800201A9D /* Errors.swift in Sources */,
				3A61ED071C6C17330095A34C /* FormattingTests.swift in Sources */,
				3A0C1E841C6FA04800201A9D /* SimpleString.swift in Sources */,
				3A7015BA1C6FF091001C9511 /* ConversionTests.swift in Sources */,
				3A0C1E811C6FA04800201A9D /* Null.swift in Sources */,
			);
			runOnlyForDeploymentPostprocessing = 0;
		};
/* End PBXSourcesBuildPhase section */

/* Begin XCBuildConfiguration section */
		3A4B6D631C6BDC79001E1469 /* Debug */ = {
			isa = XCBuildConfiguration;
			buildSettings = {
				ALWAYS_SEARCH_USER_PATHS = NO;
				CLANG_CXX_LANGUAGE_STANDARD = "gnu++0x";
				CLANG_CXX_LIBRARY = "libc++";
				CLANG_ENABLE_MODULES = YES;
				CLANG_ENABLE_OBJC_ARC = YES;
				CLANG_LINK_OBJC_RUNTIME = NO;
				CLANG_WARN_BOOL_CONVERSION = YES;
				CLANG_WARN_CONSTANT_CONVERSION = YES;
				CLANG_WARN_DIRECT_OBJC_ISA_USAGE = YES_ERROR;
				CLANG_WARN_EMPTY_BODY = YES;
				CLANG_WARN_ENUM_CONVERSION = YES;
				CLANG_WARN_INT_CONVERSION = YES;
				CLANG_WARN_OBJC_ROOT_CLASS = YES_ERROR;
				CLANG_WARN_UNREACHABLE_CODE = YES;
				CLANG_WARN__DUPLICATE_METHOD_MATCH = YES;
				CODE_SIGN_IDENTITY = "-";
				COPY_PHASE_STRIP = NO;
				DEBUG_INFORMATION_FORMAT = dwarf;
				ENABLE_STRICT_OBJC_MSGSEND = YES;
				ENABLE_TESTABILITY = YES;
				GCC_C_LANGUAGE_STANDARD = gnu99;
				GCC_DYNAMIC_NO_PIC = NO;
				GCC_NO_COMMON_BLOCKS = YES;
				GCC_OPTIMIZATION_LEVEL = 0;
				GCC_PREPROCESSOR_DEFINITIONS = (
					"DEBUG=1",
					"$(inherited)",
				);
				GCC_WARN_64_TO_32_BIT_CONVERSION = YES;
				GCC_WARN_ABOUT_RETURN_TYPE = YES_ERROR;
				GCC_WARN_UNDECLARED_SELECTOR = YES;
				GCC_WARN_UNINITIALIZED_AUTOS = YES_AGGRESSIVE;
				GCC_WARN_UNUSED_FUNCTION = YES;
				GCC_WARN_UNUSED_VARIABLE = YES;
				MACOSX_DEPLOYMENT_TARGET = 10.11;
				MTL_ENABLE_DEBUG_INFO = YES;
				ONLY_ACTIVE_ARCH = YES;
				SDKROOT = macosx;
				SWIFT_OPTIMIZATION_LEVEL = "-Onone";
			};
			name = Debug;
		};
		3A4B6D641C6BDC79001E1469 /* Release */ = {
			isa = XCBuildConfiguration;
			buildSettings = {
				ALWAYS_SEARCH_USER_PATHS = NO;
				CLANG_CXX_LANGUAGE_STANDARD = "gnu++0x";
				CLANG_CXX_LIBRARY = "libc++";
				CLANG_ENABLE_MODULES = YES;
				CLANG_ENABLE_OBJC_ARC = YES;
				CLANG_LINK_OBJC_RUNTIME = NO;
				CLANG_WARN_BOOL_CONVERSION = YES;
				CLANG_WARN_CONSTANT_CONVERSION = YES;
				CLANG_WARN_DIRECT_OBJC_ISA_USAGE = YES_ERROR;
				CLANG_WARN_EMPTY_BODY = YES;
				CLANG_WARN_ENUM_CONVERSION = YES;
				CLANG_WARN_INT_CONVERSION = YES;
				CLANG_WARN_OBJC_ROOT_CLASS = YES_ERROR;
				CLANG_WARN_UNREACHABLE_CODE = YES;
				CLANG_WARN__DUPLICATE_METHOD_MATCH = YES;
				CODE_SIGN_IDENTITY = "-";
				COPY_PHASE_STRIP = NO;
				DEBUG_INFORMATION_FORMAT = "dwarf-with-dsym";
				ENABLE_NS_ASSERTIONS = NO;
				ENABLE_STRICT_OBJC_MSGSEND = YES;
				GCC_C_LANGUAGE_STANDARD = gnu99;
				GCC_NO_COMMON_BLOCKS = YES;
				GCC_WARN_64_TO_32_BIT_CONVERSION = YES;
				GCC_WARN_ABOUT_RETURN_TYPE = YES_ERROR;
				GCC_WARN_UNDECLARED_SELECTOR = YES;
				GCC_WARN_UNINITIALIZED_AUTOS = YES_AGGRESSIVE;
				GCC_WARN_UNUSED_FUNCTION = YES;
				GCC_WARN_UNUSED_VARIABLE = YES;
				MACOSX_DEPLOYMENT_TARGET = 10.11;
				MTL_ENABLE_DEBUG_INFO = NO;
				SDKROOT = macosx;
			};
			name = Release;
		};
		3A4B6D661C6BDC79001E1469 /* Debug */ = {
			isa = XCBuildConfiguration;
			buildSettings = {
				CLANG_ENABLE_MODULES = YES;
				LD_RUNPATH_SEARCH_PATHS = "$(inherited) @executable_path/../Frameworks @loader_path/../Frameworks";
				PRODUCT_NAME = "$(TARGET_NAME)";
				SWIFT_OPTIMIZATION_LEVEL = "-Onone";
			};
			name = Debug;
		};
		3A4B6D671C6BDC79001E1469 /* Release */ = {
			isa = XCBuildConfiguration;
			buildSettings = {
				CLANG_ENABLE_MODULES = YES;
				LD_RUNPATH_SEARCH_PATHS = "$(inherited) @executable_path/../Frameworks @loader_path/../Frameworks";
				PRODUCT_NAME = "$(TARGET_NAME)";
			};
			name = Release;
		};
		3A9259441C70EE7100C65A9C /* Debug */ = {
			isa = XCBuildConfiguration;
			buildSettings = {
				"CODE_SIGN_IDENTITY[sdk=iphoneos*]" = "iPhone Developer";
				INFOPLIST_FILE = "RedbirdTests-iOS/Info.plist";
				IPHONEOS_DEPLOYMENT_TARGET = 9.3;
				LD_RUNPATH_SEARCH_PATHS = "$(inherited) @executable_path/Frameworks @loader_path/Frameworks";
				PRODUCT_BUNDLE_IDENTIFIER = "com.honzadvorsky.RedbirdTests-iOS";
				PRODUCT_NAME = "$(TARGET_NAME)";
				SDKROOT = iphoneos;
			};
			name = Debug;
		};
		3A9259451C70EE7100C65A9C /* Release */ = {
			isa = XCBuildConfiguration;
			buildSettings = {
				"CODE_SIGN_IDENTITY[sdk=iphoneos*]" = "iPhone Developer";
				INFOPLIST_FILE = "RedbirdTests-iOS/Info.plist";
				IPHONEOS_DEPLOYMENT_TARGET = 9.3;
				LD_RUNPATH_SEARCH_PATHS = "$(inherited) @executable_path/Frameworks @loader_path/Frameworks";
				PRODUCT_BUNDLE_IDENTIFIER = "com.honzadvorsky.RedbirdTests-iOS";
				PRODUCT_NAME = "$(TARGET_NAME)";
				SDKROOT = iphoneos;
				VALIDATE_PRODUCT = YES;
			};
			name = Release;
		};
		3A9259611C70EED100C65A9C /* Debug */ = {
			isa = XCBuildConfiguration;
			buildSettings = {
				INFOPLIST_FILE = "RedbirdTests-tvOS/Info.plist";
				LD_RUNPATH_SEARCH_PATHS = "$(inherited) @executable_path/Frameworks @loader_path/Frameworks";
				PRODUCT_BUNDLE_IDENTIFIER = "com.honzadvorsky.RedbirdTests-tvOS";
				PRODUCT_NAME = "$(TARGET_NAME)";
				SDKROOT = appletvos;
				TVOS_DEPLOYMENT_TARGET = 9.2;
			};
			name = Debug;
		};
		3A9259621C70EED100C65A9C /* Release */ = {
			isa = XCBuildConfiguration;
			buildSettings = {
				INFOPLIST_FILE = "RedbirdTests-tvOS/Info.plist";
				LD_RUNPATH_SEARCH_PATHS = "$(inherited) @executable_path/Frameworks @loader_path/Frameworks";
				PRODUCT_BUNDLE_IDENTIFIER = "com.honzadvorsky.RedbirdTests-tvOS";
				PRODUCT_NAME = "$(TARGET_NAME)";
				SDKROOT = appletvos;
				TVOS_DEPLOYMENT_TARGET = 9.2;
				VALIDATE_PRODUCT = YES;
			};
			name = Release;
		};
		3AFD5E451C6BF4390083B467 /* Debug */ = {
			isa = XCBuildConfiguration;
			buildSettings = {
				COMBINE_HIDPI_IMAGES = YES;
				INFOPLIST_FILE = RedbirdTests/Info.plist;
				LD_RUNPATH_SEARCH_PATHS = "$(inherited) @executable_path/../Frameworks @loader_path/../Frameworks";
				PRODUCT_BUNDLE_IDENTIFIER = com.honzadvorsky.RedbirdTests;
				PRODUCT_NAME = "$(TARGET_NAME)";
			};
			name = Debug;
		};
		3AFD5E461C6BF4390083B467 /* Release */ = {
			isa = XCBuildConfiguration;
			buildSettings = {
				COMBINE_HIDPI_IMAGES = YES;
				INFOPLIST_FILE = RedbirdTests/Info.plist;
				LD_RUNPATH_SEARCH_PATHS = "$(inherited) @executable_path/../Frameworks @loader_path/../Frameworks";
				PRODUCT_BUNDLE_IDENTIFIER = com.honzadvorsky.RedbirdTests;
				PRODUCT_NAME = "$(TARGET_NAME)";
			};
			name = Release;
		};
/* End XCBuildConfiguration section */

/* Begin XCConfigurationList section */
		3A4B6D591C6BDC79001E1469 /* Build configuration list for PBXProject "Redbird" */ = {
			isa = XCConfigurationList;
			buildConfigurations = (
				3A4B6D631C6BDC79001E1469 /* Debug */,
				3A4B6D641C6BDC79001E1469 /* Release */,
			);
			defaultConfigurationIsVisible = 0;
			defaultConfigurationName = Release;
		};
		3A4B6D651C6BDC79001E1469 /* Build configuration list for PBXNativeTarget "Redbird" */ = {
			isa = XCConfigurationList;
			buildConfigurations = (
				3A4B6D661C6BDC79001E1469 /* Debug */,
				3A4B6D671C6BDC79001E1469 /* Release */,
			);
			defaultConfigurationIsVisible = 0;
			defaultConfigurationName = Release;
		};
		3A9259461C70EE7100C65A9C /* Build configuration list for PBXNativeTarget "RedbirdTests-iOS" */ = {
			isa = XCConfigurationList;
			buildConfigurations = (
				3A9259441C70EE7100C65A9C /* Debug */,
				3A9259451C70EE7100C65A9C /* Release */,
			);
			defaultConfigurationIsVisible = 0;
		};
		3A9259601C70EED100C65A9C /* Build configuration list for PBXNativeTarget "RedbirdTests-tvOS" */ = {
			isa = XCConfigurationList;
			buildConfigurations = (
				3A9259611C70EED100C65A9C /* Debug */,
				3A9259621C70EED100C65A9C /* Release */,
			);
			defaultConfigurationIsVisible = 0;
		};
		3AFD5E441C6BF4390083B467 /* Build configuration list for PBXNativeTarget "RedbirdTests" */ = {
			isa = XCConfigurationList;
			buildConfigurations = (
				3AFD5E451C6BF4390083B467 /* Debug */,
				3AFD5E461C6BF4390083B467 /* Release */,
			);
			defaultConfigurationIsVisible = 0;
			defaultConfigurationName = Release;
		};
/* End XCConfigurationList section */
	};
	rootObject = 3A4B6D561C6BDC79001E1469 /* Project object */;
}
