// !$*UTF8*$!
{
	archiveVersion = 1;
	classes = {
	};
	objectVersion = 46;
	objects = {

/* Begin PBXBuildFile section */
		3AFDAEF01C6BDD0B006EB74F /* ClientSocket.swift in Sources */ = {isa = PBXBuildFile; fileRef = 3AFDAEED1C6BDD0B006EB74F /* ClientSocket.swift */; };
		3AFDAEF11C6BDD0B006EB74F /* main.swift in Sources */ = {isa = PBXBuildFile; fileRef = 3AFDAEEE1C6BDD0B006EB74F /* main.swift */; };
		3AFDAEF21C6BDD0B006EB74F /* Redbird.swift in Sources */ = {isa = PBXBuildFile; fileRef = 3AFDAEEF1C6BDD0B006EB74F /* Redbird.swift */; };
/* End PBXBuildFile section */

/* Begin PBXCopyFilesBuildPhase section */
		3A4B6D5C1C6BDC79001E1469 /* CopyFiles */ = {
			isa = PBXCopyFilesBuildPhase;
			buildActionMask = 2147483647;
			dstPath = /usr/share/man/man1/;
			dstSubfolderSpec = 0;
			files = (
			);
			runOnlyForDeploymentPostprocessing = 1;
		};
/* End PBXCopyFilesBuildPhase section */

/* Begin PBXFileReference section */
		3A4B6D5E1C6BDC79001E1469 /* Redbird */ = {isa = PBXFileReference; explicitFileType = "compiled.mach-o.executable"; includeInIndex = 0; path = Redbird; sourceTree = BUILT_PRODUCTS_DIR; };
		3AFDAEED1C6BDD0B006EB74F /* ClientSocket.swift */ = {isa = PBXFileReference; fileEncoding = 4; lastKnownFileType = sourcecode.swift; name = ClientSocket.swift; path = ../Sources/ClientSocket.swift; sourceTree = SOURCE_ROOT; };
		3AFDAEEE1C6BDD0B006EB74F /* main.swift */ = {isa = PBXFileReference; fileEncoding = 4; lastKnownFileType = sourcecode.swift; name = main.swift; path = ../Sources/main.swift; sourceTree = SOURCE_ROOT; };
		3AFDAEEF1C6BDD0B006EB74F /* Redbird.swift */ = {isa = PBXFileReference; fileEncoding = 4; lastKnownFileType = sourcecode.swift; name = Redbird.swift; path = ../Sources/Redbird.swift; sourceTree = SOURCE_ROOT; };
/* End PBXFileReference section */

/* Begin PBXFrameworksBuildPhase section */
		3A4B6D5B1C6BDC79001E1469 /* Frameworks */ = {
			isa = PBXFrameworksBuildPhase;
			buildActionMask = 2147483647;
			files = (
			);
			runOnlyForDeploymentPostprocessing = 0;
		};
/* End PBXFrameworksBuildPhase section */

/* Begin PBXGroup section */
		3A4B6D551C6BDC79001E1469 = {
			isa = PBXGroup;
			children = (
				3A4B6D601C6BDC79001E1469 /* Redbird */,
				3A4B6D5F1C6BDC79001E1469 /* Products */,
			);
			sourceTree = "<group>";
		};
		3A4B6D5F1C6BDC79001E1469 /* Products */ = {
			isa = PBXGroup;
			children = (
				3A4B6D5E1C6BDC79001E1469 /* Redbird */,
			);
			name = Products;
			sourceTree = "<group>";
		};
		3A4B6D601C6BDC79001E1469 /* Redbird */ = {
			isa = PBXGroup;
			children = (
				3AFDAEED1C6BDD0B006EB74F /* ClientSocket.swift */,
				3AFDAEEE1C6BDD0B006EB74F /* main.swift */,
				3AFDAEEF1C6BDD0B006EB74F /* Redbird.swift */,
			);
			path = Redbird;
			sourceTree = "<group>";
		};
/* End PBXGroup section */

/* Begin PBXNativeTarget section */
		3A4B6D5D1C6BDC79001E1469 /* Redbird */ = {
			isa = PBXNativeTarget;
			buildConfigurationList = 3A4B6D651C6BDC79001E1469 /* Build configuration list for PBXNativeTarget "Redbird" */;
			buildPhases = (
				3A4B6D5A1C6BDC79001E1469 /* Sources */,
				3A4B6D5B1C6BDC79001E1469 /* Frameworks */,
				3A4B6D5C1C6BDC79001E1469 /* CopyFiles */,
			);
			buildRules = (
			);
			dependencies = (
			);
			name = Redbird;
			productName = Redbird;
			productReference = 3A4B6D5E1C6BDC79001E1469 /* Redbird */;
			productType = "com.apple.product-type.tool";
		};
/* End PBXNativeTarget section */

/* Begin PBXProject section */
		3A4B6D561C6BDC79001E1469 /* Project object */ = {
			isa = PBXProject;
			attributes = {
				LastSwiftUpdateCheck = 0730;
				LastUpgradeCheck = 0730;
				ORGANIZATIONNAME = "Honza Dvorsky";
				TargetAttributes = {
					3A4B6D5D1C6BDC79001E1469 = {
						CreatedOnToolsVersion = 7.3;
					};
				};
			};
			buildConfigurationList = 3A4B6D591C6BDC79001E1469 /* Build configuration list for PBXProject "Redbird" */;
			compatibilityVersion = "Xcode 3.2";
			developmentRegion = English;
			hasScannedForEncodings = 0;
			knownRegions = (
				en,
			);
			mainGroup = 3A4B6D551C6BDC79001E1469;
			productRefGroup = 3A4B6D5F1C6BDC79001E1469 /* Products */;
			projectDirPath = "";
			projectRoot = "";
			targets = (
				3A4B6D5D1C6BDC79001E1469 /* Redbird */,
			);
		};
/* End PBXProject section */

/* Begin PBXSourcesBuildPhase section */
		3A4B6D5A1C6BDC79001E1469 /* Sources */ = {
			isa = PBXSourcesBuildPhase;
			buildActionMask = 2147483647;
			files = (
				3AFDAEF11C6BDD0B006EB74F /* main.swift in Sources */,
				3AFDAEF01C6BDD0B006EB74F /* ClientSocket.swift in Sources */,
				3AFDAEF21C6BDD0B006EB74F /* Redbird.swift in Sources */,
			);
			runOnlyForDeploymentPostprocessing = 0;
		};
/* End PBXSourcesBuildPhase section */

/* Begin XCBuildConfiguration section */
		3A4B6D631C6BDC79001E1469 /* Debug */ = {
			isa = XCBuildConfiguration;
			buildSettings = {
				ALWAYS_SEARCH_USER_PATHS = NO;
				CLANG_CXX_LANGUAGE_STANDARD = "gnu++0x";
				CLANG_CXX_LIBRARY = "libc++";
				CLANG_ENABLE_MODULES = YES;
				CLANG_ENABLE_OBJC_ARC = YES;
				CLANG_WARN_BOOL_CONVERSION = YES;
				CLANG_WARN_CONSTANT_CONVERSION = YES;
				CLANG_WARN_DIRECT_OBJC_ISA_USAGE = YES_ERROR;
				CLANG_WARN_EMPTY_BODY = YES;
				CLANG_WARN_ENUM_CONVERSION = YES;
				CLANG_WARN_INT_CONVERSION = YES;
				CLANG_WARN_OBJC_ROOT_CLASS = YES_ERROR;
				CLANG_WARN_UNREACHABLE_CODE = YES;
				CLANG_WARN__DUPLICATE_METHOD_MATCH = YES;
				CODE_SIGN_IDENTITY = "-";
				COPY_PHASE_STRIP = NO;
				DEBUG_INFORMATION_FORMAT = dwarf;
				ENABLE_STRICT_OBJC_MSGSEND = YES;
				ENABLE_TESTABILITY = YES;
				GCC_C_LANGUAGE_STANDARD = gnu99;
				GCC_DYNAMIC_NO_PIC = NO;
				GCC_NO_COMMON_BLOCKS = YES;
				GCC_OPTIMIZATION_LEVEL = 0;
				GCC_PREPROCESSOR_DEFINITIONS = (
					"DEBUG=1",
					"$(inherited)",
				);
				GCC_WARN_64_TO_32_BIT_CONVERSION = YES;
				GCC_WARN_ABOUT_RETURN_TYPE = YES_ERROR;
				GCC_WARN_UNDECLARED_SELECTOR = YES;
				GCC_WARN_UNINITIALIZED_AUTOS = YES_AGGRESSIVE;
				GCC_WARN_UNUSED_FUNCTION = YES;
				GCC_WARN_UNUSED_VARIABLE = YES;
				MACOSX_DEPLOYMENT_TARGET = 10.11;
				MTL_ENABLE_DEBUG_INFO = YES;
				ONLY_ACTIVE_ARCH = YES;
				SDKROOT = macosx;
				SWIFT_OPTIMIZATION_LEVEL = "-Onone";
			};
			name = Debug;
		};
		3A4B6D641C6BDC79001E1469 /* Release */ = {
			isa = XCBuildConfiguration;
			buildSettings = {
				ALWAYS_SEARCH_USER_PATHS = NO;
				CLANG_CXX_LANGUAGE_STANDARD = "gnu++0x";
				CLANG_CXX_LIBRARY = "libc++";
				CLANG_ENABLE_MODULES = YES;
				CLANG_ENABLE_OBJC_ARC = YES;
				CLANG_WARN_BOOL_CONVERSION = YES;
				CLANG_WARN_CONSTANT_CONVERSION = YES;
				CLANG_WARN_DIRECT_OBJC_ISA_USAGE = YES_ERROR;
				CLANG_WARN_EMPTY_BODY = YES;
				CLANG_WARN_ENUM_CONVERSION = YES;
				CLANG_WARN_INT_CONVERSION = YES;
				CLANG_WARN_OBJC_ROOT_CLASS = YES_ERROR;
				CLANG_WARN_UNREACHABLE_CODE = YES;
				CLANG_WARN__DUPLICATE_METHOD_MATCH = YES;
				CODE_SIGN_IDENTITY = "-";
				COPY_PHASE_STRIP = NO;
				DEBUG_INFORMATION_FORMAT = "dwarf-with-dsym";
				ENABLE_NS_ASSERTIONS = NO;
				ENABLE_STRICT_OBJC_MSGSEND = YES;
				GCC_C_LANGUAGE_STANDARD = gnu99;
				GCC_NO_COMMON_BLOCKS = YES;
				GCC_WARN_64_TO_32_BIT_CONVERSION = YES;
				GCC_WARN_ABOUT_RETURN_TYPE = YES_ERROR;
				GCC_WARN_UNDECLARED_SELECTOR = YES;
				GCC_WARN_UNINITIALIZED_AUTOS = YES_AGGRESSIVE;
				GCC_WARN_UNUSED_FUNCTION = YES;
				GCC_WARN_UNUSED_VARIABLE = YES;
				MACOSX_DEPLOYMENT_TARGET = 10.11;
				MTL_ENABLE_DEBUG_INFO = NO;
				SDKROOT = macosx;
			};
			name = Release;
		};
		3A4B6D661C6BDC79001E1469 /* Debug */ = {
			isa = XCBuildConfiguration;
			buildSettings = {
				CLANG_ENABLE_MODULES = YES;
				LD_RUNPATH_SEARCH_PATHS = "$(inherited) @executable_path/../Frameworks @loader_path/../Frameworks";
				PRODUCT_NAME = "$(TARGET_NAME)";
				SWIFT_OPTIMIZATION_LEVEL = "-Onone";
			};
			name = Debug;
		};
		3A4B6D671C6BDC79001E1469 /* Release */ = {
			isa = XCBuildConfiguration;
			buildSettings = {
				CLANG_ENABLE_MODULES = YES;
				LD_RUNPATH_SEARCH_PATHS = "$(inherited) @executable_path/../Frameworks @loader_path/../Frameworks";
				PRODUCT_NAME = "$(TARGET_NAME)";
			};
			name = Release;
		};
/* End XCBuildConfiguration section */

/* Begin XCConfigurationList section */
		3A4B6D591C6BDC79001E1469 /* Build configuration list for PBXProject "Redbird" */ = {
			isa = XCConfigurationList;
			buildConfigurations = (
				3A4B6D631C6BDC79001E1469 /* Debug */,
				3A4B6D641C6BDC79001E1469 /* Release */,
			);
			defaultConfigurationIsVisible = 0;
			defaultConfigurationName = Release;
		};
		3A4B6D651C6BDC79001E1469 /* Build configuration list for PBXNativeTarget "Redbird" */ = {
			isa = XCConfigurationList;
			buildConfigurations = (
				3A4B6D661C6BDC79001E1469 /* Debug */,
				3A4B6D671C6BDC79001E1469 /* Release */,
			);
			defaultConfigurationIsVisible = 0;
			defaultConfigurationName = Release;
		};
/* End XCConfigurationList section */
	};
	rootObject = 3A4B6D561C6BDC79001E1469 /* Project object */;
}
